
Microsoft Visual Studio Solution File, Format Version 12.00
# Visual Studio Version 16
VisualStudioVersion = 16.0.31205.134
MinimumVisualStudioVersion = 10.0.40219.1
Project("{8BC9CEB8-8B4A-11D0-8D11-00A0C91BC942}") = "MTL", "MTL\MTL.vcxproj", "{DC7C2B43-54E1-4B5E-BEBA-C69F2A53D1BE}"
EndProject
Project("{8BC9CEB8-8B4A-11D0-8D11-00A0C91BC942}") = "mtlgen", "mtlgen\mtlgen.vcxproj", "{9E3664F3-2E83-4E97-9D23-5E8A55DCC767}"
EndProject
Project("{8BC9CEB8-8B4A-11D0-8D11-00A0C91BC942}") = "helloworld", "examples\helloworld\helloworld\helloworld.vcxproj", "{A2EB3A9F-8D40-4743-9779-ACB467026011}"
EndProject
Project("{8BC9CEB8-8B4A-11D0-8D11-00A0C91BC942}") = "HexEdit", "examples\HexEdit\HexEdit.vcxproj", "{A92472EF-F890-43CD-91D7-385A4CEA7EE9}"
EndProject
Project("{8BC9CEB8-8B4A-11D0-8D11-00A0C91BC942}") = "mtlExplorer", "examples\mtlExplorer\mtlExplorer.vcxproj", "{692B9D67-C9A4-4B65-B8A6-FFB2C7BF4CD7}"
EndProject
Project("{8BC9CEB8-8B4A-11D0-8D11-00A0C91BC942}") = "multipad", "examples\multipad\multipad.vcxproj", "{4061DEB6-7943-49DF-B4EF-6295C053AB11}"
EndProject
Project("{8BC9CEB8-8B4A-11D0-8D11-00A0C91BC942}") = "Editor", "examples\Editor\Editor.vcxproj", "{CA0D9835-CAA3-4600-8E99-C8FB2809EF8E}"
EndProject
Project("{8BC9CEB8-8B4A-11D0-8D11-00A0C91BC942}") = "helloRibbon", "examples\helloRibbon\helloRibbon.vcxproj", "{3716F193-8332-4073-9DB3-E42D11B2D4BB}"
EndProject
Global
	GlobalSection(SolutionConfigurationPlatforms) = preSolution
		Debug|Any CPU = Debug|Any CPU
		Debug|x64 = Debug|x64
		Debug|x86 = Debug|x86
		Release|Any CPU = Release|Any CPU
		Release|x64 = Release|x64
		Release|x86 = Release|x86
	EndGlobalSection
	GlobalSection(ProjectConfigurationPlatforms) = postSolution
		{DC7C2B43-54E1-4B5E-BEBA-C69F2A53D1BE}.Debug|Any CPU.ActiveCfg = Debug|Win32
		{DC7C2B43-54E1-4B5E-BEBA-C69F2A53D1BE}.Debug|x64.ActiveCfg = Debug|x64
		{DC7C2B43-54E1-4B5E-BEBA-C69F2A53D1BE}.Debug|x64.Build.0 = Debug|x64
		{DC7C2B43-54E1-4B5E-BEBA-C69F2A53D1BE}.Debug|x86.ActiveCfg = Debug|Win32
		{DC7C2B43-54E1-4B5E-BEBA-C69F2A53D1BE}.Debug|x86.Build.0 = Debug|Win32
		{DC7C2B43-54E1-4B5E-BEBA-C69F2A53D1BE}.Release|Any CPU.ActiveCfg = Release|Win32
		{DC7C2B43-54E1-4B5E-BEBA-C69F2A53D1BE}.Release|x64.ActiveCfg = Release|x64
		{DC7C2B43-54E1-4B5E-BEBA-C69F2A53D1BE}.Release|x64.Build.0 = Release|x64
		{DC7C2B43-54E1-4B5E-BEBA-C69F2A53D1BE}.Release|x86.ActiveCfg = Release|Win32
		{DC7C2B43-54E1-4B5E-BEBA-C69F2A53D1BE}.Release|x86.Build.0 = Release|Win32
		{9E3664F3-2E83-4E97-9D23-5E8A55DCC767}.Debug|Any CPU.ActiveCfg = Debug|Win32
		{9E3664F3-2E83-4E97-9D23-5E8A55DCC767}.Debug|x64.ActiveCfg = Debug|x64
		{9E3664F3-2E83-4E97-9D23-5E8A55DCC767}.Debug|x64.Build.0 = Debug|x64
		{9E3664F3-2E83-4E97-9D23-5E8A55DCC767}.Debug|x86.ActiveCfg = Debug|Win32
		{9E3664F3-2E83-4E97-9D23-5E8A55DCC767}.Debug|x86.Build.0 = Debug|Win32
		{9E3664F3-2E83-4E97-9D23-5E8A55DCC767}.Release|Any CPU.ActiveCfg = Release|Win32
		{9E3664F3-2E83-4E97-9D23-5E8A55DCC767}.Release|x64.ActiveCfg = Release|x64
		{9E3664F3-2E83-4E97-9D23-5E8A55DCC767}.Release|x64.Build.0 = Release|x64
		{9E3664F3-2E83-4E97-9D23-5E8A55DCC767}.Release|x86.ActiveCfg = Release|Win32
		{9E3664F3-2E83-4E97-9D23-5E8A55DCC767}.Release|x86.Build.0 = Release|Win32
		{A2EB3A9F-8D40-4743-9779-ACB467026011}.Debug|Any CPU.ActiveCfg = Debug|Win32
		{A2EB3A9F-8D40-4743-9779-ACB467026011}.Debug|x64.ActiveCfg = Debug|x64
		{A2EB3A9F-8D40-4743-9779-ACB467026011}.Debug|x64.Build.0 = Debug|x64
		{A2EB3A9F-8D40-4743-9779-ACB467026011}.Debug|x86.ActiveCfg = Debug|Win32
		{A2EB3A9F-8D40-4743-9779-ACB467026011}.Debug|x86.Build.0 = Debug|Win32
		{A2EB3A9F-8D40-4743-9779-ACB467026011}.Release|Any CPU.ActiveCfg = Release|Win32
		{A2EB3A9F-8D40-4743-9779-ACB467026011}.Release|x64.ActiveCfg = Release|x64
		{A2EB3A9F-8D40-4743-9779-ACB467026011}.Release|x64.Build.0 = Release|x64
		{A2EB3A9F-8D40-4743-9779-ACB467026011}.Release|x86.ActiveCfg = Release|Win32
		{A2EB3A9F-8D40-4743-9779-ACB467026011}.Release|x86.Build.0 = Release|Win32
		{A92472EF-F890-43CD-91D7-385A4CEA7EE9}.Debug|Any CPU.ActiveCfg = Debug|Win32
		{A92472EF-F890-43CD-91D7-385A4CEA7EE9}.Debug|x64.ActiveCfg = Debug|x64
		{A92472EF-F890-43CD-91D7-385A4CEA7EE9}.Debug|x64.Build.0 = Debug|x64
		{A92472EF-F890-43CD-91D7-385A4CEA7EE9}.Debug|x86.ActiveCfg = Debug|Win32
		{A92472EF-F890-43CD-91D7-385A4CEA7EE9}.Debug|x86.Build.0 = Debug|Win32
		{A92472EF-F890-43CD-91D7-385A4CEA7EE9}.Release|Any CPU.ActiveCfg = Release|Win32
		{A92472EF-F890-43CD-91D7-385A4CEA7EE9}.Release|x64.ActiveCfg = Release|x64
		{A92472EF-F890-43CD-91D7-385A4CEA7EE9}.Release|x64.Build.0 = Release|x64
		{A92472EF-F890-43CD-91D7-385A4CEA7EE9}.Release|x86.ActiveCfg = Release|Win32
		{A92472EF-F890-43CD-91D7-385A4CEA7EE9}.Release|x86.Build.0 = Release|Win32
		{692B9D67-C9A4-4B65-B8A6-FFB2C7BF4CD7}.Debug|Any CPU.ActiveCfg = Debug|Win32
		{692B9D67-C9A4-4B65-B8A6-FFB2C7BF4CD7}.Debug|x64.ActiveCfg = Debug|x64
		{692B9D67-C9A4-4B65-B8A6-FFB2C7BF4CD7}.Debug|x64.Build.0 = Debug|x64
		{692B9D67-C9A4-4B65-B8A6-FFB2C7BF4CD7}.Debug|x86.ActiveCfg = Debug|Win32
		{692B9D67-C9A4-4B65-B8A6-FFB2C7BF4CD7}.Debug|x86.Build.0 = Debug|Win32
		{692B9D67-C9A4-4B65-B8A6-FFB2C7BF4CD7}.Release|Any CPU.ActiveCfg = Release|Win32
		{692B9D67-C9A4-4B65-B8A6-FFB2C7BF4CD7}.Release|x64.ActiveCfg = Release|x64
		{692B9D67-C9A4-4B65-B8A6-FFB2C7BF4CD7}.Release|x64.Build.0 = Release|x64
		{692B9D67-C9A4-4B65-B8A6-FFB2C7BF4CD7}.Release|x86.ActiveCfg = Release|Win32
		{692B9D67-C9A4-4B65-B8A6-FFB2C7BF4CD7}.Release|x86.Build.0 = Release|Win32
		{4061DEB6-7943-49DF-B4EF-6295C053AB11}.Debug|Any CPU.ActiveCfg = Debug|Win32
		{4061DEB6-7943-49DF-B4EF-6295C053AB11}.Debug|x64.ActiveCfg = Debug|x64
		{4061DEB6-7943-49DF-B4EF-6295C053AB11}.Debug|x64.Build.0 = Debug|x64
		{4061DEB6-7943-49DF-B4EF-6295C053AB11}.Debug|x86.ActiveCfg = Debug|Win32
		{4061DEB6-7943-49DF-B4EF-6295C053AB11}.Debug|x86.Build.0 = Debug|Win32
		{4061DEB6-7943-49DF-B4EF-6295C053AB11}.Release|Any CPU.ActiveCfg = Release|Win32
		{4061DEB6-7943-49DF-B4EF-6295C053AB11}.Release|x64.ActiveCfg = Release|x64
		{4061DEB6-7943-49DF-B4EF-6295C053AB11}.Release|x64.Build.0 = Release|x64
		{4061DEB6-7943-49DF-B4EF-6295C053AB11}.Release|x86.ActiveCfg = Release|Win32
		{4061DEB6-7943-49DF-B4EF-6295C053AB11}.Release|x86.Build.0 = Release|Win32
		{CA0D9835-CAA3-4600-8E99-C8FB2809EF8E}.Debug|Any CPU.ActiveCfg = Debug|Win32
		{CA0D9835-CAA3-4600-8E99-C8FB2809EF8E}.Debug|x64.ActiveCfg = Debug|x64
		{CA0D9835-CAA3-4600-8E99-C8FB2809EF8E}.Debug|x64.Build.0 = Debug|x64
		{CA0D9835-CAA3-4600-8E99-C8FB2809EF8E}.Debug|x86.ActiveCfg = Debug|Win32
		{CA0D9835-CAA3-4600-8E99-C8FB2809EF8E}.Debug|x86.Build.0 = Debug|Win32
		{CA0D9835-CAA3-4600-8E99-C8FB2809EF8E}.Release|Any CPU.ActiveCfg = Release|Win32
		{CA0D9835-CAA3-4600-8E99-C8FB2809EF8E}.Release|x64.ActiveCfg = Release|x64
		{CA0D9835-CAA3-4600-8E99-C8FB2809EF8E}.Release|x64.Build.0 = Release|x64
		{CA0D9835-CAA3-4600-8E99-C8FB2809EF8E}.Release|x86.ActiveCfg = Release|Win32
		{CA0D9835-CAA3-4600-8E99-C8FB2809EF8E}.Release|x86.Build.0 = Release|Win32
		{3716F193-8332-4073-9DB3-E42D11B2D4BB}.Debug|Any CPU.ActiveCfg = Debug|Win32
		{3716F193-8332-4073-9DB3-E42D11B2D4BB}.Debug|x64.ActiveCfg = Debug|x64
		{3716F193-8332-4073-9DB3-E42D11B2D4BB}.Debug|x64.Build.0 = Debug|x64
		{3716F193-8332-4073-9DB3-E42D11B2D4BB}.Debug|x86.ActiveCfg = Debug|Win32
		{3716F193-8332-4073-9DB3-E42D11B2D4BB}.Debug|x86.Build.0 = Debug|Win32
		{3716F193-8332-4073-9DB3-E42D11B2D4BB}.Release|Any CPU.ActiveCfg = Release|Win32
		{3716F193-8332-4073-9DB3-E42D11B2D4BB}.Release|x64.ActiveCfg = Release|x64
		{3716F193-8332-4073-9DB3-E42D11B2D4BB}.Release|x64.Build.0 = Release|x64
		{3716F193-8332-4073-9DB3-E42D11B2D4BB}.Release|x86.ActiveCfg = Release|Win32
		{3716F193-8332-4073-9DB3-E42D11B2D4BB}.Release|x86.Build.0 = Release|Win32
	EndGlobalSection
	GlobalSection(SolutionProperties) = preSolution
		HideSolutionNode = FALSE
	EndGlobalSection
	GlobalSection(ExtensibilityGlobals) = postSolution
		SolutionGuid = {1D7DE2E2-762D-4FF9-BD7F-FA34EBE6C73F}
	EndGlobalSection
EndGlobal
